// !$*UTF8*$!
{
	archiveVersion = 1;
	classes = {
	};
	objectVersion = 56;
	objects = {

/* Begin PBXBuildFile section */
		6959EB292926CA1000A8E5C0 /* InstaAppApp.swift in Sources */ = {isa = PBXBuildFile; fileRef = 6959EB282926CA1000A8E5C0 /* InstaAppApp.swift */; };
		6959EB2B2926CA1000A8E5C0 /* ContentView.swift in Sources */ = {isa = PBXBuildFile; fileRef = 6959EB2A2926CA1000A8E5C0 /* ContentView.swift */; };
		6959EB2D2926CA1100A8E5C0 /* Assets.xcassets in Resources */ = {isa = PBXBuildFile; fileRef = 6959EB2C2926CA1100A8E5C0 /* Assets.xcassets */; };
		6959EB302926CA1100A8E5C0 /* Preview Assets.xcassets in Resources */ = {isa = PBXBuildFile; fileRef = 6959EB2F2926CA1100A8E5C0 /* Preview Assets.xcassets */; };
		6959EB3A2926CA1100A8E5C0 /* InstaAppTests.swift in Sources */ = {isa = PBXBuildFile; fileRef = 6959EB392926CA1100A8E5C0 /* InstaAppTests.swift */; };
		6959EB442926CA1100A8E5C0 /* InstaAppUITests.swift in Sources */ = {isa = PBXBuildFile; fileRef = 6959EB432926CA1100A8E5C0 /* InstaAppUITests.swift */; };
		6959EB462926CA1100A8E5C0 /* InstaAppUITestsLaunchTests.swift in Sources */ = {isa = PBXBuildFile; fileRef = 6959EB452926CA1100A8E5C0 /* InstaAppUITestsLaunchTests.swift */; };
/* End PBXBuildFile section */

/* Begin PBXContainerItemProxy section */
		6959EB362926CA1100A8E5C0 /* PBXContainerItemProxy */ = {
			isa = PBXContainerItemProxy;
			containerPortal = 6959EB1D2926CA1000A8E5C0 /* Project object */;
			proxyType = 1;
			remoteGlobalIDString = 6959EB242926CA1000A8E5C0;
			remoteInfo = InstaApp;
		};
		6959EB402926CA1100A8E5C0 /* PBXContainerItemProxy */ = {
			isa = PBXContainerItemProxy;
			containerPortal = 6959EB1D2926CA1000A8E5C0 /* Project object */;
			proxyType = 1;
			remoteGlobalIDString = 6959EB242926CA1000A8E5C0;
			remoteInfo = InstaApp;
		};
/* End PBXContainerItemProxy section */

/* Begin PBXFileReference section */
		6959EB252926CA1000A8E5C0 /* InstaApp.app */ = {isa = PBXFileReference; explicitFileType = wrapper.application; includeInIndex = 0; path = InstaApp.app; sourceTree = BUILT_PRODUCTS_DIR; };
		6959EB282926CA1000A8E5C0 /* InstaAppApp.swift */ = {isa = PBXFileReference; lastKnownFileType = sourcecode.swift; path = InstaAppApp.swift; sourceTree = "<group>"; };
		6959EB2A2926CA1000A8E5C0 /* ContentView.swift */ = {isa = PBXFileReference; lastKnownFileType = sourcecode.swift; path = ContentView.swift; sourceTree = "<group>"; };
		6959EB2C2926CA1100A8E5C0 /* Assets.xcassets */ = {isa = PBXFileReference; lastKnownFileType = folder.assetcatalog; path = Assets.xcassets; sourceTree = "<group>"; };
		6959EB2F2926CA1100A8E5C0 /* Preview Assets.xcassets */ = {isa = PBXFileReference; lastKnownFileType = folder.assetcatalog; path = "Preview Assets.xcassets"; sourceTree = "<group>"; };
		6959EB352926CA1100A8E5C0 /* InstaAppTests.xctest */ = {isa = PBXFileReference; explicitFileType = wrapper.cfbundle; includeInIndex = 0; path = InstaAppTests.xctest; sourceTree = BUILT_PRODUCTS_DIR; };
		6959EB392926CA1100A8E5C0 /* InstaAppTests.swift */ = {isa = PBXFileReference; lastKnownFileType = sourcecode.swift; path = InstaAppTests.swift; sourceTree = "<group>"; };
		6959EB3F2926CA1100A8E5C0 /* InstaAppUITests.xctest */ = {isa = PBXFileReference; explicitFileType = wrapper.cfbundle; includeInIndex = 0; path = InstaAppUITests.xctest; sourceTree = BUILT_PRODUCTS_DIR; };
		6959EB432926CA1100A8E5C0 /* InstaAppUITests.swift */ = {isa = PBXFileReference; lastKnownFileType = sourcecode.swift; path = InstaAppUITests.swift; sourceTree = "<group>"; };
		6959EB452926CA1100A8E5C0 /* InstaAppUITestsLaunchTests.swift */ = {isa = PBXFileReference; lastKnownFileType = sourcecode.swift; path = InstaAppUITestsLaunchTests.swift; sourceTree = "<group>"; };
/* End PBXFileReference section */

/* Begin PBXFrameworksBuildPhase section */
		6959EB222926CA1000A8E5C0 /* Frameworks */ = {
			isa = PBXFrameworksBuildPhase;
			buildActionMask = 2147483647;
			files = (
			);
			runOnlyForDeploymentPostprocessing = 0;
		};
		6959EB322926CA1100A8E5C0 /* Frameworks */ = {
			isa = PBXFrameworksBuildPhase;
			buildActionMask = 2147483647;
			files = (
			);
			runOnlyForDeploymentPostprocessing = 0;
		};
		6959EB3C2926CA1100A8E5C0 /* Frameworks */ = {
			isa = PBXFrameworksBuildPhase;
			buildActionMask = 2147483647;
			files = (
			);
			runOnlyForDeploymentPostprocessing = 0;
		};
/* End PBXFrameworksBuildPhase section */

/* Begin PBXGroup section */
		6959EB1C2926CA1000A8E5C0 = {
			isa = PBXGroup;
			children = (
				6959EB272926CA1000A8E5C0 /* InstaApp */,
				6959EB382926CA1100A8E5C0 /* InstaAppTests */,
				6959EB422926CA1100A8E5C0 /* InstaAppUITests */,
				6959EB262926CA1000A8E5C0 /* Products */,
			);
			sourceTree = "<group>";
		};
		6959EB262926CA1000A8E5C0 /* Products */ = {
			isa = PBXGroup;
			children = (
				6959EB252926CA1000A8E5C0 /* InstaApp.app */,
				6959EB352926CA1100A8E5C0 /* InstaAppTests.xctest */,
				6959EB3F2926CA1100A8E5C0 /* InstaAppUITests.xctest */,
			);
			name = Products;
			sourceTree = "<group>";
		};
		6959EB272926CA1000A8E5C0 /* InstaApp */ = {
			isa = PBXGroup;
			children = (
				6959EB282926CA1000A8E5C0 /* InstaAppApp.swift */,
				6959EB2A2926CA1000A8E5C0 /* ContentView.swift */,
				6959EB2C2926CA1100A8E5C0 /* Assets.xcassets */,
				6959EB2E2926CA1100A8E5C0 /* Preview Content */,
			);
			path = InstaApp;
			sourceTree = "<group>";
		};
		6959EB2E2926CA1100A8E5C0 /* Preview Content */ = {
			isa = PBXGroup;
			children = (
				6959EB2F2926CA1100A8E5C0 /* Preview Assets.xcassets */,
			);
			path = "Preview Content";
			sourceTree = "<group>";
		};
		6959EB382926CA1100A8E5C0 /* InstaAppTests */ = {
			isa = PBXGroup;
			children = (
				6959EB392926CA1100A8E5C0 /* InstaAppTests.swift */,
			);
			path = InstaAppTests;
			sourceTree = "<group>";
		};
		6959EB422926CA1100A8E5C0 /* InstaAppUITests */ = {
			isa = PBXGroup;
			children = (
				6959EB432926CA1100A8E5C0 /* InstaAppUITests.swift */,
				6959EB452926CA1100A8E5C0 /* InstaAppUITestsLaunchTests.swift */,
			);
			path = InstaAppUITests;
			sourceTree = "<group>";
		};
/* End PBXGroup section */

/* Begin PBXNativeTarget section */
		6959EB242926CA1000A8E5C0 /* InstaApp */ = {
			isa = PBXNativeTarget;
			buildConfigurationList = 6959EB492926CA1100A8E5C0 /* Build configuration list for PBXNativeTarget "InstaApp" */;
			buildPhases = (
				6959EB212926CA1000A8E5C0 /* Sources */,
				6959EB222926CA1000A8E5C0 /* Frameworks */,
				6959EB232926CA1000A8E5C0 /* Resources */,
			);
			buildRules = (
			);
			dependencies = (
			);
			name = InstaApp;
			productName = InstaApp;
			productReference = 6959EB252926CA1000A8E5C0 /* InstaApp.app */;
			productType = "com.apple.product-type.application";
		};
		6959EB342926CA1100A8E5C0 /* InstaAppTests */ = {
			isa = PBXNativeTarget;
			buildConfigurationList = 6959EB4C2926CA1100A8E5C0 /* Build configuration list for PBXNativeTarget "InstaAppTests" */;
			buildPhases = (
				6959EB312926CA1100A8E5C0 /* Sources */,
				6959EB322926CA1100A8E5C0 /* Frameworks */,
				6959EB332926CA1100A8E5C0 /* Resources */,
			);
			buildRules = (
			);
			dependencies = (
				6959EB372926CA1100A8E5C0 /* PBXTargetDependency */,
			);
			name = InstaAppTests;
			productName = InstaAppTests;
			productReference = 6959EB352926CA1100A8E5C0 /* InstaAppTests.xctest */;
			productType = "com.apple.product-type.bundle.unit-test";
		};
		6959EB3E2926CA1100A8E5C0 /* InstaAppUITests */ = {
			isa = PBXNativeTarget;
			buildConfigurationList = 6959EB4F2926CA1100A8E5C0 /* Build configuration list for PBXNativeTarget "InstaAppUITests" */;
			buildPhases = (
				6959EB3B2926CA1100A8E5C0 /* Sources */,
				6959EB3C2926CA1100A8E5C0 /* Frameworks */,
				6959EB3D2926CA1100A8E5C0 /* Resources */,
			);
			buildRules = (
			);
			dependencies = (
				6959EB412926CA1100A8E5C0 /* PBXTargetDependency */,
			);
			name = InstaAppUITests;
			productName = InstaAppUITests;
			productReference = 6959EB3F2926CA1100A8E5C0 /* InstaAppUITests.xctest */;
			productType = "com.apple.product-type.bundle.ui-testing";
		};
/* End PBXNativeTarget section */

/* Begin PBXProject section */
		6959EB1D2926CA1000A8E5C0 /* Project object */ = {
			isa = PBXProject;
			attributes = {
				BuildIndependentTargetsInParallel = 1;
				LastSwiftUpdateCheck = 1410;
				LastUpgradeCheck = 1410;
				TargetAttributes = {
					6959EB242926CA1000A8E5C0 = {
						CreatedOnToolsVersion = 14.1;
					};
					6959EB342926CA1100A8E5C0 = {
						CreatedOnToolsVersion = 14.1;
						TestTargetID = 6959EB242926CA1000A8E5C0;
					};
					6959EB3E2926CA1100A8E5C0 = {
						CreatedOnToolsVersion = 14.1;
						TestTargetID = 6959EB242926CA1000A8E5C0;
					};
				};
			};
			buildConfigurationList = 6959EB202926CA1000A8E5C0 /* Build configuration list for PBXProject "InstaApp" */;
			compatibilityVersion = "Xcode 14.0";
			developmentRegion = en;
			hasScannedForEncodings = 0;
			knownRegions = (
				en,
				Base,
			);
			mainGroup = 6959EB1C2926CA1000A8E5C0;
			productRefGroup = 6959EB262926CA1000A8E5C0 /* Products */;
			projectDirPath = "";
			projectRoot = "";
			targets = (
				6959EB242926CA1000A8E5C0 /* InstaApp */,
				6959EB342926CA1100A8E5C0 /* InstaAppTests */,
				6959EB3E2926CA1100A8E5C0 /* InstaAppUITests */,
			);
		};
/* End PBXProject section */

/* Begin PBXResourcesBuildPhase section */
		6959EB232926CA1000A8E5C0 /* Resources */ = {
			isa = PBXResourcesBuildPhase;
			buildActionMask = 2147483647;
			files = (
				6959EB302926CA1100A8E5C0 /* Preview Assets.xcassets in Resources */,
				6959EB2D2926CA1100A8E5C0 /* Assets.xcassets in Resources */,
			);
			runOnlyForDeploymentPostprocessing = 0;
		};
		6959EB332926CA1100A8E5C0 /* Resources */ = {
			isa = PBXResourcesBuildPhase;
			buildActionMask = 2147483647;
			files = (
			);
			runOnlyForDeploymentPostprocessing = 0;
		};
		6959EB3D2926CA1100A8E5C0 /* Resources */ = {
			isa = PBXResourcesBuildPhase;
			buildActionMask = 2147483647;
			files = (
			);
			runOnlyForDeploymentPostprocessing = 0;
		};
/* End PBXResourcesBuildPhase section */

/* Begin PBXSourcesBuildPhase section */
		6959EB212926CA1000A8E5C0 /* Sources */ = {
			isa = PBXSourcesBuildPhase;
			buildActionMask = 2147483647;
			files = (
				6959EB2B2926CA1000A8E5C0 /* ContentView.swift in Sources */,
				6959EB292926CA1000A8E5C0 /* InstaAppApp.swift in Sources */,
			);
			runOnlyForDeploymentPostprocessing = 0;
		};
		6959EB312926CA1100A8E5C0 /* Sources */ = {
			isa = PBXSourcesBuildPhase;
			buildActionMask = 2147483647;
			files = (
				6959EB3A2926CA1100A8E5C0 /* InstaAppTests.swift in Sources */,
			);
			runOnlyForDeploymentPostprocessing = 0;
		};
		6959EB3B2926CA1100A8E5C0 /* Sources */ = {
			isa = PBXSourcesBuildPhase;
			buildActionMask = 2147483647;
			files = (
				6959EB462926CA1100A8E5C0 /* InstaAppUITestsLaunchTests.swift in Sources */,
				6959EB442926CA1100A8E5C0 /* InstaAppUITests.swift in Sources */,
			);
			runOnlyForDeploymentPostprocessing = 0;
		};
/* End PBXSourcesBuildPhase section */

/* Begin PBXTargetDependency section */
		6959EB372926CA1100A8E5C0 /* PBXTargetDependency */ = {
			isa = PBXTargetDependency;
			target = 6959EB242926CA1000A8E5C0 /* InstaApp */;
			targetProxy = 6959EB362926CA1100A8E5C0 /* PBXContainerItemProxy */;
		};
		6959EB412926CA1100A8E5C0 /* PBXTargetDependency */ = {
			isa = PBXTargetDependency;
			target = 6959EB242926CA1000A8E5C0 /* InstaApp */;
			targetProxy = 6959EB402926CA1100A8E5C0 /* PBXContainerItemProxy */;
		};
/* End PBXTargetDependency section */

/* Begin XCBuildConfiguration section */
		6959EB472926CA1100A8E5C0 /* Debug */ = {
			isa = XCBuildConfiguration;
			buildSettings = {
				ALWAYS_SEARCH_USER_PATHS = NO;
				CLANG_ANALYZER_NONNULL = YES;
				CLANG_ANALYZER_NUMBER_OBJECT_CONVERSION = YES_AGGRESSIVE;
				CLANG_CXX_LANGUAGE_STANDARD = "gnu++20";
				CLANG_ENABLE_MODULES = YES;
				CLANG_ENABLE_OBJC_ARC = YES;
				CLANG_ENABLE_OBJC_WEAK = YES;
				CLANG_WARN_BLOCK_CAPTURE_AUTORELEASING = YES;
				CLANG_WARN_BOOL_CONVERSION = YES;
				CLANG_WARN_COMMA = YES;
				CLANG_WARN_CONSTANT_CONVERSION = YES;
				CLANG_WARN_DEPRECATED_OBJC_IMPLEMENTATIONS = YES;
				CLANG_WARN_DIRECT_OBJC_ISA_USAGE = YES_ERROR;
				CLANG_WARN_DOCUMENTATION_COMMENTS = YES;
				CLANG_WARN_EMPTY_BODY = YES;
				CLANG_WARN_ENUM_CONVERSION = YES;
				CLANG_WARN_INFINITE_RECURSION = YES;
				CLANG_WARN_INT_CONVERSION = YES;
				CLANG_WARN_NON_LITERAL_NULL_CONVERSION = YES;
				CLANG_WARN_OBJC_IMPLICIT_RETAIN_SELF = YES;
				CLANG_WARN_OBJC_LITERAL_CONVERSION = YES;
				CLANG_WARN_OBJC_ROOT_CLASS = YES_ERROR;
				CLANG_WARN_QUOTED_INCLUDE_IN_FRAMEWORK_HEADER = YES;
				CLANG_WARN_RANGE_LOOP_ANALYSIS = YES;
				CLANG_WARN_STRICT_PROTOTYPES = YES;
				CLANG_WARN_SUSPICIOUS_MOVE = YES;
				CLANG_WARN_UNGUARDED_AVAILABILITY = YES_AGGRESSIVE;
				CLANG_WARN_UNREACHABLE_CODE = YES;
				CLANG_WARN__DUPLICATE_METHOD_MATCH = YES;
				COPY_PHASE_STRIP = NO;
				DEBUG_INFORMATION_FORMAT = dwarf;
				ENABLE_STRICT_OBJC_MSGSEND = YES;
				ENABLE_TESTABILITY = YES;
				GCC_C_LANGUAGE_STANDARD = gnu11;
				GCC_DYNAMIC_NO_PIC = NO;
				GCC_NO_COMMON_BLOCKS = YES;
				GCC_OPTIMIZATION_LEVEL = 0;
				GCC_PREPROCESSOR_DEFINITIONS = (
					"DEBUG=1",
					"$(inherited)",
				);
				GCC_WARN_64_TO_32_BIT_CONVERSION = YES;
				GCC_WARN_ABOUT_RETURN_TYPE = YES_ERROR;
				GCC_WARN_UNDECLARED_SELECTOR = YES;
				GCC_WARN_UNINITIALIZED_AUTOS = YES_AGGRESSIVE;
				GCC_WARN_UNUSED_FUNCTION = YES;
				GCC_WARN_UNUSED_VARIABLE = YES;
				IPHONEOS_DEPLOYMENT_TARGET = 16.1;
				MTL_ENABLE_DEBUG_INFO = INCLUDE_SOURCE;
				MTL_FAST_MATH = YES;
				ONLY_ACTIVE_ARCH = YES;
				SDKROOT = iphoneos;
				SWIFT_ACTIVE_COMPILATION_CONDITIONS = DEBUG;
				SWIFT_OPTIMIZATION_LEVEL = "-Onone";
			};
			name = Debug;
		};
		6959EB482926CA1100A8E5C0 /* Release */ = {
			isa = XCBuildConfiguration;
			buildSettings = {
				ALWAYS_SEARCH_USER_PATHS = NO;
				CLANG_ANALYZER_NONNULL = YES;
				CLANG_ANALYZER_NUMBER_OBJECT_CONVERSION = YES_AGGRESSIVE;
				CLANG_CXX_LANGUAGE_STANDARD = "gnu++20";
				CLANG_ENABLE_MODULES = YES;
				CLANG_ENABLE_OBJC_ARC = YES;
				CLANG_ENABLE_OBJC_WEAK = YES;
				CLANG_WARN_BLOCK_CAPTURE_AUTORELEASING = YES;
				CLANG_WARN_BOOL_CONVERSION = YES;
				CLANG_WARN_COMMA = YES;
				CLANG_WARN_CONSTANT_CONVERSION = YES;
				CLANG_WARN_DEPRECATED_OBJC_IMPLEMENTATIONS = YES;
				CLANG_WARN_DIRECT_OBJC_ISA_USAGE = YES_ERROR;
				CLANG_WARN_DOCUMENTATION_COMMENTS = YES;
				CLANG_WARN_EMPTY_BODY = YES;
				CLANG_WARN_ENUM_CONVERSION = YES;
				CLANG_WARN_INFINITE_RECURSION = YES;
				CLANG_WARN_INT_CONVERSION = YES;
				CLANG_WARN_NON_LITERAL_NULL_CONVERSION = YES;
				CLANG_WARN_OBJC_IMPLICIT_RETAIN_SELF = YES;
				CLANG_WARN_OBJC_LITERAL_CONVERSION = YES;
				CLANG_WARN_OBJC_ROOT_CLASS = YES_ERROR;
				CLANG_WARN_QUOTED_INCLUDE_IN_FRAMEWORK_HEADER = YES;
				CLANG_WARN_RANGE_LOOP_ANALYSIS = YES;
				CLANG_WARN_STRICT_PROTOTYPES = YES;
				CLANG_WARN_SUSPICIOUS_MOVE = YES;
				CLANG_WARN_UNGUARDED_AVAILABILITY = YES_AGGRESSIVE;
				CLANG_WARN_UNREACHABLE_CODE = YES;
				CLANG_WARN__DUPLICATE_METHOD_MATCH = YES;
				COPY_PHASE_STRIP = NO;
				DEBUG_INFORMATION_FORMAT = "dwarf-with-dsym";
				ENABLE_NS_ASSERTIONS = NO;
				ENABLE_STRICT_OBJC_MSGSEND = YES;
				GCC_C_LANGUAGE_STANDARD = gnu11;
				GCC_NO_COMMON_BLOCKS = YES;
				GCC_WARN_64_TO_32_BIT_CONVERSION = YES;
				GCC_WARN_ABOUT_RETURN_TYPE = YES_ERROR;
				GCC_WARN_UNDECLARED_SELECTOR = YES;
				GCC_WARN_UNINITIALIZED_AUTOS = YES_AGGRESSIVE;
				GCC_WARN_UNUSED_FUNCTION = YES;
				GCC_WARN_UNUSED_VARIABLE = YES;
				IPHONEOS_DEPLOYMENT_TARGET = 16.1;
				MTL_ENABLE_DEBUG_INFO = NO;
				MTL_FAST_MATH = YES;
				SDKROOT = iphoneos;
				SWIFT_COMPILATION_MODE = wholemodule;
				SWIFT_OPTIMIZATION_LEVEL = "-O";
				VALIDATE_PRODUCT = YES;
			};
			name = Release;
		};
		6959EB4A2926CA1100A8E5C0 /* Debug */ = {
			isa = XCBuildConfiguration;
			buildSettings = {
				ASSETCATALOG_COMPILER_APPICON_NAME = AppIcon;
				ASSETCATALOG_COMPILER_GLOBAL_ACCENT_COLOR_NAME = AccentColor;
				CODE_SIGN_STYLE = Automatic;
				CURRENT_PROJECT_VERSION = 1;
				DEVELOPMENT_ASSET_PATHS = "\"InstaApp/Preview Content\"";
				DEVELOPMENT_TEAM = ND93W9M8JD;
				ENABLE_PREVIEWS = YES;
				GENERATE_INFOPLIST_FILE = YES;
				INFOPLIST_KEY_UIApplicationSceneManifest_Generation = YES;
				INFOPLIST_KEY_UIApplicationSupportsIndirectInputEvents = YES;
				INFOPLIST_KEY_UILaunchScreen_Generation = YES;
				INFOPLIST_KEY_UISupportedInterfaceOrientations_iPad = "UIInterfaceOrientationPortrait UIInterfaceOrientationPortraitUpsideDown UIInterfaceOrientationLandscapeLeft UIInterfaceOrientationLandscapeRight";
				INFOPLIST_KEY_UISupportedInterfaceOrientations_iPhone = "UIInterfaceOrientationPortrait UIInterfaceOrientationLandscapeLeft UIInterfaceOrientationLandscapeRight";
				LD_RUNPATH_SEARCH_PATHS = (
					"$(inherited)",
					"@executable_path/Frameworks",
				);
				MARKETING_VERSION = 1.0;
				PRODUCT_BUNDLE_IDENTIFIER = COM.FABRIZIOCHIARIELLO.InstaApp;
				PRODUCT_NAME = "$(TARGET_NAME)";
				SWIFT_EMIT_LOC_STRINGS = YES;
				SWIFT_VERSION = 5.0;
				TARGETED_DEVICE_FAMILY = "1,2";
			};
			name = Debug;
		};
		6959EB4B2926CA1100A8E5C0 /* Release */ = {
			isa = XCBuildConfiguration;
			buildSettings = {
				ASSETCATALOG_COMPILER_APPICON_NAME = AppIcon;
				ASSETCATALOG_COMPILER_GLOBAL_ACCENT_COLOR_NAME = AccentColor;
				CODE_SIGN_STYLE = Automatic;
				CURRENT_PROJECT_VERSION = 1;
				DEVELOPMENT_ASSET_PATHS = "\"InstaApp/Preview Content\"";
				DEVELOPMENT_TEAM = ND93W9M8JD;
				ENABLE_PREVIEWS = YES;
				GENERATE_INFOPLIST_FILE = YES;
				INFOPLIST_KEY_UIApplicationSceneManifest_Generation = YES;
				INFOPLIST_KEY_UIApplicationSupportsIndirectInputEvents = YES;
				INFOPLIST_KEY_UILaunchScreen_Generation = YES;
				INFOPLIST_KEY_UISupportedInterfaceOrientations_iPad = "UIInterfaceOrientationPortrait UIInterfaceOrientationPortraitUpsideDown UIInterfaceOrientationLandscapeLeft UIInterfaceOrientationLandscapeRight";
				INFOPLIST_KEY_UISupportedInterfaceOrientations_iPhone = "UIInterfaceOrientationPortrait UIInterfaceOrientationLandscapeLeft UIInterfaceOrientationLandscapeRight";
				LD_RUNPATH_SEARCH_PATHS = (
					"$(inherited)",
					"@executable_path/Frameworks",
				);
				MARKETING_VERSION = 1.0;
				PRODUCT_BUNDLE_IDENTIFIER = COM.FABRIZIOCHIARIELLO.InstaApp;
				PRODUCT_NAME = "$(TARGET_NAME)";
				SWIFT_EMIT_LOC_STRINGS = YES;
				SWIFT_VERSION = 5.0;
				TARGETED_DEVICE_FAMILY = "1,2";
			};
			name = Release;
		};
		6959EB4D2926CA1100A8E5C0 /* Debug */ = {
			isa = XCBuildConfiguration;
			buildSettings = {
				ALWAYS_EMBED_SWIFT_STANDARD_LIBRARIES = YES;
				BUNDLE_LOADER = "$(TEST_HOST)";
				CODE_SIGN_STYLE = Automatic;
				CURRENT_PROJECT_VERSION = 1;
				DEVELOPMENT_TEAM = ND93W9M8JD;
				GENERATE_INFOPLIST_FILE = YES;
				IPHONEOS_DEPLOYMENT_TARGET = 16.1;
				MARKETING_VERSION = 1.0;
				PRODUCT_BUNDLE_IDENTIFIER = COM.FABRIZIOCHIARIELLO.InstaAppTests;
				PRODUCT_NAME = "$(TARGET_NAME)";
				SWIFT_EMIT_LOC_STRINGS = NO;
				SWIFT_VERSION = 5.0;
				TARGETED_DEVICE_FAMILY = "1,2";
				TEST_HOST = "$(BUILT_PRODUCTS_DIR)/InstaApp.app/$(BUNDLE_EXECUTABLE_FOLDER_PATH)/InstaApp";
			};
			name = Debug;
		};
		6959EB4E2926CA1100A8E5C0 /* Release */ = {
			isa = XCBuildConfiguration;
			buildSettings = {
				ALWAYS_EMBED_SWIFT_STANDARD_LIBRARIES = YES;
				BUNDLE_LOADER = "$(TEST_HOST)";
				CODE_SIGN_STYLE = Automatic;
				CURRENT_PROJECT_VERSION = 1;
				DEVELOPMENT_TEAM = ND93W9M8JD;
				GENERATE_INFOPLIST_FILE = YES;
				IPHONEOS_DEPLOYMENT_TARGET = 16.1;
				MARKETING_VERSION = 1.0;
				PRODUCT_BUNDLE_IDENTIFIER = COM.FABRIZIOCHIARIELLO.InstaAppTests;
				PRODUCT_NAME = "$(TARGET_NAME)";
				SWIFT_EMIT_LOC_STRINGS = NO;
				SWIFT_VERSION = 5.0;
				TARGETED_DEVICE_FAMILY = "1,2";
				TEST_HOST = "$(BUILT_PRODUCTS_DIR)/InstaApp.app/$(BUNDLE_EXECUTABLE_FOLDER_PATH)/InstaApp";
			};
			name = Release;
		};
		6959EB502926CA1100A8E5C0 /* Debug */ = {
			isa = XCBuildConfiguration;
			buildSettings = {
				ALWAYS_EMBED_SWIFT_STANDARD_LIBRARIES = YES;
				CODE_SIGN_STYLE = Automatic;
				CURRENT_PROJECT_VERSION = 1;
				DEVELOPMENT_TEAM = ND93W9M8JD;
				GENERATE_INFOPLIST_FILE = YES;
				MARKETING_VERSION = 1.0;
				PRODUCT_BUNDLE_IDENTIFIER = COM.FABRIZIOCHIARIELLO.InstaAppUITests;
				PRODUCT_NAME = "$(TARGET_NAME)";
				SWIFT_EMIT_LOC_STRINGS = NO;
				SWIFT_VERSION = 5.0;
				TARGETED_DEVICE_FAMILY = "1,2";
				TEST_TARGET_NAME = InstaApp;
			};
			name = Debug;
		};
		6959EB512926CA1100A8E5C0 /* Release */ = {
			isa = XCBuildConfiguration;
			buildSettings = {
				ALWAYS_EMBED_SWIFT_STANDARD_LIBRARIES = YES;
				CODE_SIGN_STYLE = Automatic;
				CURRENT_PROJECT_VERSION = 1;
				DEVELOPMENT_TEAM = ND93W9M8JD;
				GENERATE_INFOPLIST_FILE = YES;
				MARKETING_VERSION = 1.0;
				PRODUCT_BUNDLE_IDENTIFIER = COM.FABRIZIOCHIARIELLO.InstaAppUITests;
				PRODUCT_NAME = "$(TARGET_NAME)";
				SWIFT_EMIT_LOC_STRINGS = NO;
				SWIFT_VERSION = 5.0;
				TARGETED_DEVICE_FAMILY = "1,2";
				TEST_TARGET_NAME = InstaApp;
			};
			name = Release;
		};
/* End XCBuildConfiguration section */

/* Begin XCConfigurationList section */
		6959EB202926CA1000A8E5C0 /* Build configuration list for PBXProject "InstaApp" */ = {
			isa = XCConfigurationList;
			buildConfigurations = (
				6959EB472926CA1100A8E5C0 /* Debug */,
				6959EB482926CA1100A8E5C0 /* Release */,
			);
			defaultConfigurationIsVisible = 0;
			defaultConfigurationName = Release;
		};
		6959EB492926CA1100A8E5C0 /* Build configuration list for PBXNativeTarget "InstaApp" */ = {
			isa = XCConfigurationList;
			buildConfigurations = (
				6959EB4A2926CA1100A8E5C0 /* Debug */,
				6959EB4B2926CA1100A8E5C0 /* Release */,
			);
			defaultConfigurationIsVisible = 0;
			defaultConfigurationName = Release;
		};
		6959EB4C2926CA1100A8E5C0 /* Build configuration list for PBXNativeTarget "InstaAppTests" */ = {
			isa = XCConfigurationList;
			buildConfigurations = (
				6959EB4D2926CA1100A8E5C0 /* Debug */,
				6959EB4E2926CA1100A8E5C0 /* Release */,
			);
			defaultConfigurationIsVisible = 0;
			defaultConfigurationName = Release;
		};
		6959EB4F2926CA1100A8E5C0 /* Build configuration list for PBXNativeTarget "InstaAppUITests" */ = {
			isa = XCConfigurationList;
			buildConfigurations = (
				6959EB502926CA1100A8E5C0 /* Debug */,
				6959EB512926CA1100A8E5C0 /* Release */,
			);
			defaultConfigurationIsVisible = 0;
			defaultConfigurationName = Release;
		};
/* End XCConfigurationList section */
	};
	rootObject = 6959EB1D2926CA1000A8E5C0 /* Project object */;
}
